
Microsoft Visual Studio Solution File, Format Version 12.00
# Visual Studio Version 17
VisualStudioVersion = 17.9.34616.47
MinimumVisualStudioVersion = 10.0.40219.1
Project("{FAE04EC0-301F-11D3-BF4B-00C04F79EFBC}") = "IP_02", "IP_02\IP_02.csproj", "{EBDC4F4D-4992-4388-9107-BCBCF1D1CFC3}"
EndProject
Global
	GlobalSection(SolutionConfigurationPlatforms) = preSolution
		Debug|Any CPU = Debug|Any CPU
		Release|Any CPU = Release|Any CPU
	EndGlobalSection
	GlobalSection(ProjectConfigurationPlatforms) = postSolution
		{EBDC4F4D-4992-4388-9107-BCBCF1D1CFC3}.Debug|Any CPU.ActiveCfg = Debug|Any CPU
		{EBDC4F4D-4992-4388-9107-BCBCF1D1CFC3}.Debug|Any CPU.Build.0 = Debug|Any CPU
		{EBDC4F4D-4992-4388-9107-BCBCF1D1CFC3}.Release|Any CPU.ActiveCfg = Release|Any CPU
		{EBDC4F4D-4992-4388-9107-BCBCF1D1CFC3}.Release|Any CPU.Build.0 = Release|Any CPU
	EndGlobalSection
	GlobalSection(SolutionProperties) = preSolution
		HideSolutionNode = FALSE
	EndGlobalSection
	GlobalSection(ExtensibilityGlobals) = postSolution
		SolutionGuid = {8D6F3C32-C357-4CA7-8E57-CE8EDCA0B401}
	EndGlobalSection
EndGlobal
